
Microsoft Visual Studio Solution File, Format Version 12.00
# Visual Studio Version 16
VisualStudioVersion = 16.0.31729.503
MinimumVisualStudioVersion = 10.0.40219.1
Project("{FAE04EC0-301F-11D3-BF4B-00C04F79EFBC}") = "Ecommerce", "Ecommerce\Ecommerce.csproj", "{0F0B55D7-83A5-4F27-8279-2FC92B73833E}"
EndProject
Global
	GlobalSection(SolutionConfigurationPlatforms) = preSolution
		Debug|Any CPU = Debug|Any CPU
		Release|Any CPU = Release|Any CPU
	EndGlobalSection
	GlobalSection(ProjectConfigurationPlatforms) = postSolution
		{0F0B55D7-83A5-4F27-8279-2FC92B73833E}.Debug|Any CPU.ActiveCfg = Debug|Any CPU
		{0F0B55D7-83A5-4F27-8279-2FC92B73833E}.Debug|Any CPU.Build.0 = Debug|Any CPU
		{0F0B55D7-83A5-4F27-8279-2FC92B73833E}.Release|Any CPU.ActiveCfg = Release|Any CPU
		{0F0B55D7-83A5-4F27-8279-2FC92B73833E}.Release|Any CPU.Build.0 = Release|Any CPU
	EndGlobalSection
	GlobalSection(SolutionProperties) = preSolution
		HideSolutionNode = FALSE
	EndGlobalSection
	GlobalSection(ExtensibilityGlobals) = postSolution
		SolutionGuid = {EEBB483F-1220-43AF-BE99-C19911F53493}
	EndGlobalSection
EndGlobal
